
Microsoft Visual Studio Solution File, Format Version 12.00
# Visual Studio Version 16
VisualStudioVersion = 16.0.30907.101
MinimumVisualStudioVersion = 10.0.40219.1
Project("{FAE04EC0-301F-11D3-BF4B-00C04F79EFBC}") = "Web_Application_Get", "Web_Application_Get\Web_Application_Get.csproj", "{028ABB27-FB38-44D2-A29F-3CF71F2CC8CB}"
EndProject
Global
	GlobalSection(SolutionConfigurationPlatforms) = preSolution
		Debug|Any CPU = Debug|Any CPU
		Release|Any CPU = Release|Any CPU
	EndGlobalSection
	GlobalSection(ProjectConfigurationPlatforms) = postSolution
		{028ABB27-FB38-44D2-A29F-3CF71F2CC8CB}.Debug|Any CPU.ActiveCfg = Debug|Any CPU
		{028ABB27-FB38-44D2-A29F-3CF71F2CC8CB}.Debug|Any CPU.Build.0 = Debug|Any CPU
		{028ABB27-FB38-44D2-A29F-3CF71F2CC8CB}.Release|Any CPU.ActiveCfg = Release|Any CPU
		{028ABB27-FB38-44D2-A29F-3CF71F2CC8CB}.Release|Any CPU.Build.0 = Release|Any CPU
	EndGlobalSection
	GlobalSection(SolutionProperties) = preSolution
		HideSolutionNode = FALSE
	EndGlobalSection
	GlobalSection(ExtensibilityGlobals) = postSolution
		SolutionGuid = {752827C0-4DDD-4073-AF20-66013BF137D4}
	EndGlobalSection
EndGlobal
